// !$*UTF8*$!
{
	archiveVersion = 1;
	classes = {
	};
	objectVersion = 77;
	objects = {

/* Begin PBXBuildFile section */
		3EA6695D04F5039F64A76CB2 /* Pods_shengciTests.framework in Frameworks */ = {isa = PBXBuildFile; fileRef = 63C4EFF5A695C9025325E7B3 /* Pods_shengciTests.framework */; };
		9320F5E530187A6B006A6FE4 /* WidgetKit.framework in Frameworks */ = {isa = PBXBuildFile; fileRef = 9320F5E430187A6B006A6FE4 /* WidgetKit.framework */; };
		9320F5E730187A6B006A6FE4 /* SwiftUI.framework in Frameworks */ = {isa = PBXBuildFile; fileRef = 9320F5E630187A6B006A6FE4 /* SwiftUI.framework */; };
		9320F5F830187A6D006A6FE4 /* shengciWidgetExtension.appex in Embed Foundation Extensions */ = {isa = PBXBuildFile; fileRef = 9320F5E330187A6B006A6FE4 /* shengciWidgetExtension.appex */; settings = {ATTRIBUTES = (RemoveHeadersOnCopy, ); }; };
		F1ED8698E79EC188252724D4 /* Pods_shengci.framework in Frameworks */ = {isa = PBXBuildFile; fileRef = 08D987C70BECA340AE7CEFB3 /* Pods_shengci.framework */; };
/* End PBXBuildFile section */

/* Begin PBXContainerItemProxy section */
		645904BD301794960042C61E /* PBXContainerItemProxy */ = {
			isa = PBXContainerItemProxy;
			containerPortal = 645904A5301794950042C61E /* Project object */;
			proxyType = 1;
			remoteGlobalIDString = 645904AC301794950042C61E;
			remoteInfo = shengci;
		};
		645904C7301794960042C61E /* PBXContainerItemProxy */ = {
			isa = PBXContainerItemProxy;
			containerPortal = 645904A5301794950042C61E /* Project object */;
			proxyType = 1;
			remoteGlobalIDString = 645904AC301794950042C61E;
			remoteInfo = shengci;
		};
		9320F5F630187A6D006A6FE4 /* PBXContainerItemProxy */ = {
			isa = PBXContainerItemProxy;
			containerPortal = 645904A5301794950042C61E /* Project object */;
			proxyType = 1;
			remoteGlobalIDString = 9320F5E230187A6B006A6FE4;
			remoteInfo = shengciWidgetExtension;
		};
/* End PBXContainerItemProxy section */

/* Begin PBXCopyFilesBuildPhase section */
		9320F5FD30187A6D006A6FE4 /* Embed Foundation Extensions */ = {
			isa = PBXCopyFilesBuildPhase;
			buildActionMask = 2147483647;
			dstPath = "";
			dstSubfolderSpec = 13;
			files = (
				9320F5F830187A6D006A6FE4 /* shengciWidgetExtension.appex in Embed Foundation Extensions */,
			);
			name = "Embed Foundation Extensions";
			runOnlyForDeploymentPostprocessing = 0;
		};
/* End PBXCopyFilesBuildPhase section */

/* Begin PBXFileReference section */
		08D987C70BECA340AE7CEFB3 /* Pods_shengci.framework */ = {isa = PBXFileReference; explicitFileType = wrapper.framework; includeInIndex = 0; path = Pods_shengci.framework; sourceTree = BUILT_PRODUCTS_DIR; };
		28BD50D49BE56BF86E0E8A7F /* Pods-shengciTests.debug.xcconfig */ = {isa = PBXFileReference; includeInIndex = 1; lastKnownFileType = text.xcconfig; name = "Pods-shengciTests.debug.xcconfig"; path = "Target Support Files/Pods-shengciTests/Pods-shengciTests.debug.xcconfig"; sourceTree = "<group>"; };
		43538B6B5E0E2B264598057A /* Pods-shengci.debug.xcconfig */ = {isa = PBXFileReference; includeInIndex = 1; lastKnownFileType = text.xcconfig; name = "Pods-shengci.debug.xcconfig"; path = "Target Support Files/Pods-shengci/Pods-shengci.debug.xcconfig"; sourceTree = "<group>"; };
		63C4EFF5A695C9025325E7B3 /* Pods_shengciTests.framework */ = {isa = PBXFileReference; explicitFileType = wrapper.framework; includeInIndex = 0; path = Pods_shengciTests.framework; sourceTree = BUILT_PRODUCTS_DIR; };
		645904AD301794950042C61E /* shengci.app */ = {isa = PBXFileReference; explicitFileType = wrapper.application; includeInIndex = 0; path = shengci.app; sourceTree = BUILT_PRODUCTS_DIR; };
		645904BC301794960042C61E /* shengciTests.xctest */ = {isa = PBXFileReference; explicitFileType = wrapper.cfbundle; includeInIndex = 0; path = shengciTests.xctest; sourceTree = BUILT_PRODUCTS_DIR; };
		645904C6301794960042C61E /* shengciUITests.xctest */ = {isa = PBXFileReference; explicitFileType = wrapper.cfbundle; includeInIndex = 0; path = shengciUITests.xctest; sourceTree = BUILT_PRODUCTS_DIR; };
		9320F5E330187A6B006A6FE4 /* shengciWidgetExtension.appex */ = {isa = PBXFileReference; explicitFileType = "wrapper.app-extension"; includeInIndex = 0; path = shengciWidgetExtension.appex; sourceTree = BUILT_PRODUCTS_DIR; };
		9320F5E430187A6B006A6FE4 /* WidgetKit.framework */ = {isa = PBXFileReference; lastKnownFileType = wrapper.framework; name = WidgetKit.framework; path = System/Library/Frameworks/WidgetKit.framework; sourceTree = SDKROOT; };
		9320F5E630187A6B006A6FE4 /* SwiftUI.framework */ = {isa = PBXFileReference; lastKnownFileType = wrapper.framework; name = SwiftUI.framework; path = System/Library/Frameworks/SwiftUI.framework; sourceTree = SDKROOT; };
		9C134351E82D557A2714836C /* Pods-shengci.release.xcconfig */ = {isa = PBXFileReference; includeInIndex = 1; lastKnownFileType = text.xcconfig; name = "Pods-shengci.release.xcconfig"; path = "Target Support Files/Pods-shengci/Pods-shengci.release.xcconfig"; sourceTree = "<group>"; };
		B5F61A1B6738E996E75A84C8 /* Pods-shengciTests.release.xcconfig */ = {isa = PBXFileReference; includeInIndex = 1; lastKnownFileType = text.xcconfig; name = "Pods-shengciTests.release.xcconfig"; path = "Target Support Files/Pods-shengciTests/Pods-shengciTests.release.xcconfig"; sourceTree = "<group>"; };
/* End PBXFileReference section */

/* Begin PBXFileSystemSynchronizedBuildFileExceptionSet section */
		9320F5F930187A6D006A6FE4 /* Exceptions for "shengciWidget" folder in "shengciWidgetExtension" target */ = {
			isa = PBXFileSystemSynchronizedBuildFileExceptionSet;
			membershipExceptions = (
				Info.plist,
			);
			target = 9320F5E230187A6B006A6FE4 /* shengciWidgetExtension */;
		};
		9320F5FF30187AA6006A6FE4 /* Exceptions for "shengci" folder in "shengciWidgetExtension" target */ = {
			isa = PBXFileSystemSynchronizedBuildFileExceptionSet;
			membershipExceptions = (
				Features/Home/Domain/Model/WordModel.swift,
				Features/Shared/Domain/PinyinFormatter.swift,
				Features/Shared/Domain/WordOfTheDayManager.swift,
				Resources/cedict_ts.u8,
				Resources/hsk1.json,
				Resources/hsk2.json,
				Resources/hsk3.json,
				Resources/hsk4.json,
				Resources/hsk5.json,
				Resources/hsk6.json,
				Resources/hsk7.json,
			);
			target = 9320F5E230187A6B006A6FE4 /* shengciWidgetExtension */;
		};
/* End PBXFileSystemSynchronizedBuildFileExceptionSet section */

/* Begin PBXFileSystemSynchronizedRootGroup section */
		645904AF301794950042C61E /* shengci */ = {
			isa = PBXFileSystemSynchronizedRootGroup;
			exceptions = (
				9320F5FF30187AA6006A6FE4 /* Exceptions for "shengci" folder in "shengciWidgetExtension" target */,
			);
			path = shengci;
			sourceTree = "<group>";
		};
		645904BF301794960042C61E /* shengciTests */ = {
			isa = PBXFileSystemSynchronizedRootGroup;
			path = shengciTests;
			sourceTree = "<group>";
		};
		645904C9301794960042C61E /* shengciUITests */ = {
			isa = PBXFileSystemSynchronizedRootGroup;
			path = shengciUITests;
			sourceTree = "<group>";
		};
		9320F5E830187A6B006A6FE4 /* shengciWidget */ = {
			isa = PBXFileSystemSynchronizedRootGroup;
			exceptions = (
				9320F5F930187A6D006A6FE4 /* Exceptions for "shengciWidget" folder in "shengciWidgetExtension" target */,
			);
			path = shengciWidget;
			sourceTree = "<group>";
		};
/* End PBXFileSystemSynchronizedRootGroup section */

/* Begin PBXFrameworksBuildPhase section */
		645904AA301794950042C61E /* Frameworks */ = {
			isa = PBXFrameworksBuildPhase;
			buildActionMask = 2147483647;
			files = (
				F1ED8698E79EC188252724D4 /* Pods_shengci.framework in Frameworks */,
			);
			runOnlyForDeploymentPostprocessing = 0;
		};
		645904B9301794960042C61E /* Frameworks */ = {
			isa = PBXFrameworksBuildPhase;
			buildActionMask = 2147483647;
			files = (
				3EA6695D04F5039F64A76CB2 /* Pods_shengciTests.framework in Frameworks */,
			);
			runOnlyForDeploymentPostprocessing = 0;
		};
		645904C3301794960042C61E /* Frameworks */ = {
			isa = PBXFrameworksBuildPhase;
			buildActionMask = 2147483647;
			files = (
			);
			runOnlyForDeploymentPostprocessing = 0;
		};
		9320F5E030187A6B006A6FE4 /* Frameworks */ = {
			isa = PBXFrameworksBuildPhase;
			buildActionMask = 2147483647;
			files = (
				9320F5E730187A6B006A6FE4 /* SwiftUI.framework in Frameworks */,
				9320F5E530187A6B006A6FE4 /* WidgetKit.framework in Frameworks */,
			);
			runOnlyForDeploymentPostprocessing = 0;
		};
/* End PBXFrameworksBuildPhase section */

/* Begin PBXGroup section */
		48A4A0D4B78FBC87DFF45BE9 /* Frameworks */ = {
			isa = PBXGroup;
			children = (
				08D987C70BECA340AE7CEFB3 /* Pods_shengci.framework */,
				63C4EFF5A695C9025325E7B3 /* Pods_shengciTests.framework */,
				9320F5E430187A6B006A6FE4 /* WidgetKit.framework */,
				9320F5E630187A6B006A6FE4 /* SwiftUI.framework */,
			);
			name = Frameworks;
			sourceTree = "<group>";
		};
		645904A4301794950042C61E = {
			isa = PBXGroup;
			children = (
				645904AF301794950042C61E /* shengci */,
				645904BF301794960042C61E /* shengciTests */,
				645904C9301794960042C61E /* shengciUITests */,
				9320F5E830187A6B006A6FE4 /* shengciWidget */,
				645904AE301794950042C61E /* Products */,
				733B4594D0AA3FE6765FB134 /* Pods */,
				48A4A0D4B78FBC87DFF45BE9 /* Frameworks */,
			);
			sourceTree = "<group>";
		};
		645904AE301794950042C61E /* Products */ = {
			isa = PBXGroup;
			children = (
				645904AD301794950042C61E /* shengci.app */,
				645904BC301794960042C61E /* shengciTests.xctest */,
				645904C6301794960042C61E /* shengciUITests.xctest */,
				9320F5E330187A6B006A6FE4 /* shengciWidgetExtension.appex */,
			);
			name = Products;
			sourceTree = "<group>";
		};
		733B4594D0AA3FE6765FB134 /* Pods */ = {
			isa = PBXGroup;
			children = (
				43538B6B5E0E2B264598057A /* Pods-shengci.debug.xcconfig */,
				9C134351E82D557A2714836C /* Pods-shengci.release.xcconfig */,
				28BD50D49BE56BF86E0E8A7F /* Pods-shengciTests.debug.xcconfig */,
				B5F61A1B6738E996E75A84C8 /* Pods-shengciTests.release.xcconfig */,
			);
			path = Pods;
			sourceTree = "<group>";
		};
/* End PBXGroup section */

/* Begin PBXNativeTarget section */
		645904AC301794950042C61E /* shengci */ = {
			isa = PBXNativeTarget;
			buildConfigurationList = 645904D0301794960042C61E /* Build configuration list for PBXNativeTarget "shengci" */;
			buildPhases = (
				461339ACABFC367AB8824476 /* [CP] Check Pods Manifest.lock */,
				645904A9301794950042C61E /* Sources */,
				645904AA301794950042C61E /* Frameworks */,
				645904AB301794950042C61E /* Resources */,
				433745143E788269305D490F /* [CP] Copy Pods Resources */,
				9320F5FD30187A6D006A6FE4 /* Embed Foundation Extensions */,
			);
			buildRules = (
			);
			dependencies = (
				9320F5F730187A6D006A6FE4 /* PBXTargetDependency */,
			);
			fileSystemSynchronizedGroups = (
				645904AF301794950042C61E /* shengci */,
			);
			name = shengci;
			productName = shengci;
			productReference = 645904AD301794950042C61E /* shengci.app */;
			productType = "com.apple.product-type.application";
		};
		645904BB301794960042C61E /* shengciTests */ = {
			isa = PBXNativeTarget;
			buildConfigurationList = 645904D3301794960042C61E /* Build configuration list for PBXNativeTarget "shengciTests" */;
			buildPhases = (
				959FEC89C32F4188413E9304 /* [CP] Check Pods Manifest.lock */,
				645904B8301794960042C61E /* Sources */,
				645904B9301794960042C61E /* Frameworks */,
				645904BA301794960042C61E /* Resources */,
				512D8D129A544CC216996F58 /* [CP] Copy Pods Resources */,
			);
			buildRules = (
			);
			dependencies = (
				645904BE301794960042C61E /* PBXTargetDependency */,
			);
			fileSystemSynchronizedGroups = (
				645904BF301794960042C61E /* shengciTests */,
			);
			name = shengciTests;
			productName = shengciTests;
			productReference = 645904BC301794960042C61E /* shengciTests.xctest */;
			productType = "com.apple.product-type.bundle.unit-test";
		};
		645904C5301794960042C61E /* shengciUITests */ = {
			isa = PBXNativeTarget;
			buildConfigurationList = 645904D6301794960042C61E /* Build configuration list for PBXNativeTarget "shengciUITests" */;
			buildPhases = (
				645904C2301794960042C61E /* Sources */,
				645904C3301794960042C61E /* Frameworks */,
				645904C4301794960042C61E /* Resources */,
			);
			buildRules = (
			);
			dependencies = (
				645904C8301794960042C61E /* PBXTargetDependency */,
			);
			fileSystemSynchronizedGroups = (
				645904C9301794960042C61E /* shengciUITests */,
			);
			name = shengciUITests;
			productName = shengciUITests;
			productReference = 645904C6301794960042C61E /* shengciUITests.xctest */;
			productType = "com.apple.product-type.bundle.ui-testing";
		};
		9320F5E230187A6B006A6FE4 /* shengciWidgetExtension */ = {
			isa = PBXNativeTarget;
			buildConfigurationList = 9320F5FA30187A6D006A6FE4 /* Build configuration list for PBXNativeTarget "shengciWidgetExtension" */;
			buildPhases = (
				9320F5DF30187A6B006A6FE4 /* Sources */,
				9320F5E030187A6B006A6FE4 /* Frameworks */,
				9320F5E130187A6B006A6FE4 /* Resources */,
			);
			buildRules = (
			);
			dependencies = (
			);
			fileSystemSynchronizedGroups = (
				9320F5E830187A6B006A6FE4 /* shengciWidget */,
			);
			name = shengciWidgetExtension;
			packageProductDependencies = (
			);
			productName = shengciWidgetExtension;
			productReference = 9320F5E330187A6B006A6FE4 /* shengciWidgetExtension.appex */;
			productType = "com.apple.product-type.app-extension";
		};
/* End PBXNativeTarget section */

/* Begin PBXProject section */
		645904A5301794950042C61E /* Project object */ = {
			isa = PBXProject;
			attributes = {
				BuildIndependentTargetsInParallel = 1;
				LastSwiftUpdateCheck = 2660;
				LastUpgradeCheck = 2660;
				TargetAttributes = {
					645904AC301794950042C61E = {
						CreatedOnToolsVersion = 26.6;
					};
					645904BB301794960042C61E = {
						CreatedOnToolsVersion = 26.6;
						TestTargetID = 645904AC301794950042C61E;
					};
					645904C5301794960042C61E = {
						CreatedOnToolsVersion = 26.6;
						TestTargetID = 645904AC301794950042C61E;
					};
					9320F5E230187A6B006A6FE4 = {
						CreatedOnToolsVersion = 26.6;
					};
				};
			};
			buildConfigurationList = 645904A8301794950042C61E /* Build configuration list for PBXProject "shengci" */;
			developmentRegion = en;
			hasScannedForEncodings = 0;
			knownRegions = (
				en,
				Base,
			);
			mainGroup = 645904A4301794950042C61E;
			minimizedProjectReferenceProxies = 1;
			preferredProjectObjectVersion = 77;
			productRefGroup = 645904AE301794950042C61E /* Products */;
			projectDirPath = "";
			projectRoot = "";
			targets = (
				645904AC301794950042C61E /* shengci */,
				645904BB301794960042C61E /* shengciTests */,
				645904C5301794960042C61E /* shengciUITests */,
				9320F5E230187A6B006A6FE4 /* shengciWidgetExtension */,
			);
		};
/* End PBXProject section */

/* Begin PBXResourcesBuildPhase section */
		645904AB301794950042C61E /* Resources */ = {
			isa = PBXResourcesBuildPhase;
			buildActionMask = 2147483647;
			files = (
			);
			runOnlyForDeploymentPostprocessing = 0;
		};
		645904BA301794960042C61E /* Resources */ = {
			isa = PBXResourcesBuildPhase;
			buildActionMask = 2147483647;
			files = (
			);
			runOnlyForDeploymentPostprocessing = 0;
		};
		645904C4301794960042C61E /* Resources */ = {
			isa = PBXResourcesBuildPhase;
			buildActionMask = 2147483647;
			files = (
			);
			runOnlyForDeploymentPostprocessing = 0;
		};
		9320F5E130187A6B006A6FE4 /* Resources */ = {
			isa = PBXResourcesBuildPhase;
			buildActionMask = 2147483647;
			files = (
			);
			runOnlyForDeploymentPostprocessing = 0;
		};
/* End PBXResourcesBuildPhase section */

/* Begin PBXShellScriptBuildPhase section */
		433745143E788269305D490F /* [CP] Copy Pods Resources */ = {
			isa = PBXShellScriptBuildPhase;
			buildActionMask = 2147483647;
			files = (
			);
			inputFileListPaths = (
				"${PODS_ROOT}/Target Support Files/Pods-shengci/Pods-shengci-resources-${CONFIGURATION}-input-files.xcfilelist",
			);
			inputPaths = (
			);
			name = "[CP] Copy Pods Resources";
			outputFileListPaths = (
				"${PODS_ROOT}/Target Support Files/Pods-shengci/Pods-shengci-resources-${CONFIGURATION}-output-files.xcfilelist",
			);
			outputPaths = (
			);
			runOnlyForDeploymentPostprocessing = 0;
			shellPath = /bin/sh;
			shellScript = "\"${PODS_ROOT}/Target Support Files/Pods-shengci/Pods-shengci-resources.sh\"\n";
			showEnvVarsInLog = 0;
		};
		461339ACABFC367AB8824476 /* [CP] Check Pods Manifest.lock */ = {
			isa = PBXShellScriptBuildPhase;
			buildActionMask = 2147483647;
			files = (
			);
			inputFileListPaths = (
			);
			inputPaths = (
				"${PODS_PODFILE_DIR_PATH}/Podfile.lock",
				"${PODS_ROOT}/Manifest.lock",
			);
			name = "[CP] Check Pods Manifest.lock";
			outputFileListPaths = (
			);
			outputPaths = (
				"$(DERIVED_FILE_DIR)/Pods-shengci-checkManifestLockResult.txt",
			);
			runOnlyForDeploymentPostprocessing = 0;
			shellPath = /bin/sh;
			shellScript = "diff \"${PODS_PODFILE_DIR_PATH}/Podfile.lock\" \"${PODS_ROOT}/Manifest.lock\" > /dev/null\nif [ $? != 0 ] ; then\n    # print error to STDERR\n    echo \"error: The sandbox is not in sync with the Podfile.lock. Run 'pod install' or update your CocoaPods installation.\" >&2\n    exit 1\nfi\n# This output is used by Xcode 'outputs' to avoid re-running this script phase.\necho \"SUCCESS\" > \"${SCRIPT_OUTPUT_FILE_0}\"\n";
			showEnvVarsInLog = 0;
		};
		512D8D129A544CC216996F58 /* [CP] Copy Pods Resources */ = {
			isa = PBXShellScriptBuildPhase;
			buildActionMask = 2147483647;
			files = (
			);
			inputFileListPaths = (
				"${PODS_ROOT}/Target Support Files/Pods-shengciTests/Pods-shengciTests-resources-${CONFIGURATION}-input-files.xcfilelist",
			);
			inputPaths = (
			);
			name = "[CP] Copy Pods Resources";
			outputFileListPaths = (
				"${PODS_ROOT}/Target Support Files/Pods-shengciTests/Pods-shengciTests-resources-${CONFIGURATION}-output-files.xcfilelist",
			);
			outputPaths = (
			);
			runOnlyForDeploymentPostprocessing = 0;
			shellPath = /bin/sh;
			shellScript = "\"${PODS_ROOT}/Target Support Files/Pods-shengciTests/Pods-shengciTests-resources.sh\"\n";
			showEnvVarsInLog = 0;
		};
		959FEC89C32F4188413E9304 /* [CP] Check Pods Manifest.lock */ = {
			isa = PBXShellScriptBuildPhase;
			buildActionMask = 2147483647;
			files = (
			);
			inputFileListPaths = (
			);
			inputPaths = (
				"${PODS_PODFILE_DIR_PATH}/Podfile.lock",
				"${PODS_ROOT}/Manifest.lock",
			);
			name = "[CP] Check Pods Manifest.lock";
			outputFileListPaths = (
			);
			outputPaths = (
				"$(DERIVED_FILE_DIR)/Pods-shengciTests-checkManifestLockResult.txt",
			);
			runOnlyForDeploymentPostprocessing = 0;
			shellPath = /bin/sh;
			shellScript = "diff \"${PODS_PODFILE_DIR_PATH}/Podfile.lock\" \"${PODS_ROOT}/Manifest.lock\" > /dev/null\nif [ $? != 0 ] ; then\n    # print error to STDERR\n    echo \"error: The sandbox is not in sync with the Podfile.lock. Run 'pod install' or update your CocoaPods installation.\" >&2\n    exit 1\nfi\n# This output is used by Xcode 'outputs' to avoid re-running this script phase.\necho \"SUCCESS\" > \"${SCRIPT_OUTPUT_FILE_0}\"\n";
			showEnvVarsInLog = 0;
		};
/* End PBXShellScriptBuildPhase section */

/* Begin PBXSourcesBuildPhase section */
		645904A9301794950042C61E /* Sources */ = {
			isa = PBXSourcesBuildPhase;
			buildActionMask = 2147483647;
			files = (
			);
			runOnlyForDeploymentPostprocessing = 0;
		};
		645904B8301794960042C61E /* Sources */ = {
			isa = PBXSourcesBuildPhase;
			buildActionMask = 2147483647;
			files = (
			);
			runOnlyForDeploymentPostprocessing = 0;
		};
		645904C2301794960042C61E /* Sources */ = {
			isa = PBXSourcesBuildPhase;
			buildActionMask = 2147483647;
			files = (
			);
			runOnlyForDeploymentPostprocessing = 0;
		};
		9320F5DF30187A6B006A6FE4 /* Sources */ = {
			isa = PBXSourcesBuildPhase;
			buildActionMask = 2147483647;
			files = (
			);
			runOnlyForDeploymentPostprocessing = 0;
		};
/* End PBXSourcesBuildPhase section */

/* Begin PBXTargetDependency section */
		645904BE301794960042C61E /* PBXTargetDependency */ = {
			isa = PBXTargetDependency;
			target = 645904AC301794950042C61E /* shengci */;
			targetProxy = 645904BD301794960042C61E /* PBXContainerItemProxy */;
		};
		645904C8301794960042C61E /* PBXTargetDependency */ = {
			isa = PBXTargetDependency;
			target = 645904AC301794950042C61E /* shengci */;
			targetProxy = 645904C7301794960042C61E /* PBXContainerItemProxy */;
		};
		9320F5F730187A6D006A6FE4 /* PBXTargetDependency */ = {
			isa = PBXTargetDependency;
			target = 9320F5E230187A6B006A6FE4 /* shengciWidgetExtension */;
			targetProxy = 9320F5F630187A6D006A6FE4 /* PBXContainerItemProxy */;
		};
/* End PBXTargetDependency section */

/* Begin XCBuildConfiguration section */
		645904CE301794960042C61E /* Debug */ = {
			isa = XCBuildConfiguration;
			buildSettings = {
				ALWAYS_SEARCH_USER_PATHS = NO;
				ASSETCATALOG_COMPILER_GENERATE_SWIFT_ASSET_SYMBOL_EXTENSIONS = YES;
				CLANG_ANALYZER_NONNULL = YES;
				CLANG_ANALYZER_NUMBER_OBJECT_CONVERSION = YES_AGGRESSIVE;
				CLANG_CXX_LANGUAGE_STANDARD = "gnu++20";
				CLANG_ENABLE_MODULES = YES;
				CLANG_ENABLE_OBJC_ARC = YES;
				CLANG_ENABLE_OBJC_WEAK = YES;
				CLANG_WARN_BLOCK_CAPTURE_AUTORELEASING = YES;
				CLANG_WARN_BOOL_CONVERSION = YES;
				CLANG_WARN_COMMA = YES;
				CLANG_WARN_CONSTANT_CONVERSION = YES;
				CLANG_WARN_DEPRECATED_OBJC_IMPLEMENTATIONS = YES;
				CLANG_WARN_DIRECT_OBJC_ISA_USAGE = YES_ERROR;
				CLANG_WARN_DOCUMENTATION_COMMENTS = YES;
				CLANG_WARN_EMPTY_BODY = YES;
				CLANG_WARN_ENUM_CONVERSION = YES;
				CLANG_WARN_INFINITE_RECURSION = YES;
				CLANG_WARN_INT_CONVERSION = YES;
				CLANG_WARN_NON_LITERAL_NULL_CONVERSION = YES;
				CLANG_WARN_OBJC_IMPLICIT_RETAIN_SELF = YES;
				CLANG_WARN_OBJC_LITERAL_CONVERSION = YES;
				CLANG_WARN_OBJC_ROOT_CLASS = YES_ERROR;
				CLANG_WARN_QUOTED_INCLUDE_IN_FRAMEWORK_HEADER = YES;
				CLANG_WARN_RANGE_LOOP_ANALYSIS = YES;
				CLANG_WARN_STRICT_PROTOTYPES = YES;
				CLANG_WARN_SUSPICIOUS_MOVE = YES;
				CLANG_WARN_UNGUARDED_AVAILABILITY = YES_AGGRESSIVE;
				CLANG_WARN_UNREACHABLE_CODE = YES;
				CLANG_WARN__DUPLICATE_METHOD_MATCH = YES;
				COPY_PHASE_STRIP = NO;
				DEBUG_INFORMATION_FORMAT = dwarf;
				DEVELOPMENT_TEAM = 6YQB49MLC8;
				ENABLE_STRICT_OBJC_MSGSEND = YES;
				ENABLE_TESTABILITY = YES;
				ENABLE_USER_SCRIPT_SANDBOXING = YES;
				GCC_C_LANGUAGE_STANDARD = gnu17;
				GCC_DYNAMIC_NO_PIC = NO;
				GCC_NO_COMMON_BLOCKS = YES;
				GCC_OPTIMIZATION_LEVEL = 0;
				GCC_PREPROCESSOR_DEFINITIONS = (
					"DEBUG=1",
					"$(inherited)",
				);
				GCC_WARN_64_TO_32_BIT_CONVERSION = YES;
				GCC_WARN_ABOUT_RETURN_TYPE = YES_ERROR;
				GCC_WARN_UNDECLARED_SELECTOR = YES;
				GCC_WARN_UNINITIALIZED_AUTOS = YES_AGGRESSIVE;
				GCC_WARN_UNUSED_FUNCTION = YES;
				GCC_WARN_UNUSED_VARIABLE = YES;
				IPHONEOS_DEPLOYMENT_TARGET = 26.5;
				LOCALIZATION_PREFERS_STRING_CATALOGS = YES;
				MTL_ENABLE_DEBUG_INFO = INCLUDE_SOURCE;
				MTL_FAST_MATH = YES;
				ONLY_ACTIVE_ARCH = YES;
				SDKROOT = iphoneos;
				SWIFT_ACTIVE_COMPILATION_CONDITIONS = "DEBUG $(inherited)";
				SWIFT_OPTIMIZATION_LEVEL = "-Onone";
			};
			name = Debug;
		};
		645904CF301794960042C61E /* Release */ = {
			isa = XCBuildConfiguration;
			buildSettings = {
				ALWAYS_SEARCH_USER_PATHS = NO;
				ASSETCATALOG_COMPILER_GENERATE_SWIFT_ASSET_SYMBOL_EXTENSIONS = YES;
				CLANG_ANALYZER_NONNULL = YES;
				CLANG_ANALYZER_NUMBER_OBJECT_CONVERSION = YES_AGGRESSIVE;
				CLANG_CXX_LANGUAGE_STANDARD = "gnu++20";
				CLANG_ENABLE_MODULES = YES;
				CLANG_ENABLE_OBJC_ARC = YES;
				CLANG_ENABLE_OBJC_WEAK = YES;
				CLANG_WARN_BLOCK_CAPTURE_AUTORELEASING = YES;
				CLANG_WARN_BOOL_CONVERSION = YES;
				CLANG_WARN_COMMA = YES;
				CLANG_WARN_CONSTANT_CONVERSION = YES;
				CLANG_WARN_DEPRECATED_OBJC_IMPLEMENTATIONS = YES;
				CLANG_WARN_DIRECT_OBJC_ISA_USAGE = YES_ERROR;
				CLANG_WARN_DOCUMENTATION_COMMENTS = YES;
				CLANG_WARN_EMPTY_BODY = YES;
				CLANG_WARN_ENUM_CONVERSION = YES;
				CLANG_WARN_INFINITE_RECURSION = YES;
				CLANG_WARN_INT_CONVERSION = YES;
				CLANG_WARN_NON_LITERAL_NULL_CONVERSION = YES;
				CLANG_WARN_OBJC_IMPLICIT_RETAIN_SELF = YES;
				CLANG_WARN_OBJC_LITERAL_CONVERSION = YES;
				CLANG_WARN_OBJC_ROOT_CLASS = YES_ERROR;
				CLANG_WARN_QUOTED_INCLUDE_IN_FRAMEWORK_HEADER = YES;
				CLANG_WARN_RANGE_LOOP_ANALYSIS = YES;
				CLANG_WARN_STRICT_PROTOTYPES = YES;
				CLANG_WARN_SUSPICIOUS_MOVE = YES;
				CLANG_WARN_UNGUARDED_AVAILABILITY = YES_AGGRESSIVE;
				CLANG_WARN_UNREACHABLE_CODE = YES;
				CLANG_WARN__DUPLICATE_METHOD_MATCH = YES;
				COPY_PHASE_STRIP = NO;
				DEBUG_INFORMATION_FORMAT = "dwarf-with-dsym";
				DEVELOPMENT_TEAM = 6YQB49MLC8;
				ENABLE_NS_ASSERTIONS = NO;
				ENABLE_STRICT_OBJC_MSGSEND = YES;
				ENABLE_USER_SCRIPT_SANDBOXING = YES;
				GCC_C_LANGUAGE_STANDARD = gnu17;
				GCC_NO_COMMON_BLOCKS = YES;
				GCC_WARN_64_TO_32_BIT_CONVERSION = YES;
				GCC_WARN_ABOUT_RETURN_TYPE = YES_ERROR;
				GCC_WARN_UNDECLARED_SELECTOR = YES;
				GCC_WARN_UNINITIALIZED_AUTOS = YES_AGGRESSIVE;
				GCC_WARN_UNUSED_FUNCTION = YES;
				GCC_WARN_UNUSED_VARIABLE = YES;
				IPHONEOS_DEPLOYMENT_TARGET = 26.5;
				LOCALIZATION_PREFERS_STRING_CATALOGS = YES;
				MTL_ENABLE_DEBUG_INFO = NO;
				MTL_FAST_MATH = YES;
				SDKROOT = iphoneos;
				SWIFT_COMPILATION_MODE = wholemodule;
				VALIDATE_PRODUCT = YES;
			};
			name = Release;
		};
		645904D1301794960042C61E /* Debug */ = {
			isa = XCBuildConfiguration;
			baseConfigurationReference = 43538B6B5E0E2B264598057A /* Pods-shengci.debug.xcconfig */;
			buildSettings = {
				ASSETCATALOG_COMPILER_APPICON_NAME = AppIcon;
				ASSETCATALOG_COMPILER_GLOBAL_ACCENT_COLOR_NAME = AccentColor;
				CODE_SIGN_STYLE = Automatic;
				CURRENT_PROJECT_VERSION = 1;
				DEVELOPMENT_TEAM = 6YQB49MLC8;
				ENABLE_PREVIEWS = YES;
				ENABLE_USER_SCRIPT_SANDBOXING = NO;
				GENERATE_INFOPLIST_FILE = YES;
				INFOPLIST_KEY_CFBundleDisplayName = "Shengci – Chinese HSK";
				INFOPLIST_KEY_UIApplicationSceneManifest_Generation = YES;
				INFOPLIST_KEY_UIApplicationSupportsIndirectInputEvents = YES;
				INFOPLIST_KEY_UILaunchScreen_Generation = YES;
				INFOPLIST_KEY_UISupportedInterfaceOrientations = UIInterfaceOrientationPortrait;
				INFOPLIST_KEY_UISupportedInterfaceOrientations_iPad = "UIInterfaceOrientationLandscapeLeft UIInterfaceOrientationLandscapeRight UIInterfaceOrientationPortrait UIInterfaceOrientationPortraitUpsideDown";
				IPHONEOS_DEPLOYMENT_TARGET = 17.6;
				LD_RUNPATH_SEARCH_PATHS = (
					"$(inherited)",
					"@executable_path/Frameworks",
				);
				MARKETING_VERSION = 1.0;
				PRODUCT_BUNDLE_IDENTIFIER = com.dwiki.shengci;
				PRODUCT_NAME = "$(TARGET_NAME)";
				STRING_CATALOG_GENERATE_SYMBOLS = YES;
				SWIFT_APPROACHABLE_CONCURRENCY = YES;
				SWIFT_DEFAULT_ACTOR_ISOLATION = MainActor;
				SWIFT_EMIT_LOC_STRINGS = YES;
				SWIFT_UPCOMING_FEATURE_MEMBER_IMPORT_VISIBILITY = YES;
				SWIFT_VERSION = 5.0;
				TARGETED_DEVICE_FAMILY = "1,2";
			};
			name = Debug;
		};
		645904D2301794960042C61E /* Release */ = {
			isa = XCBuildConfiguration;
			baseConfigurationReference = 9C134351E82D557A2714836C /* Pods-shengci.release.xcconfig */;
			buildSettings = {
				ASSETCATALOG_COMPILER_APPICON_NAME = AppIcon;
				ASSETCATALOG_COMPILER_GLOBAL_ACCENT_COLOR_NAME = AccentColor;
				CODE_SIGN_STYLE = Automatic;
				CURRENT_PROJECT_VERSION = 1;
				DEVELOPMENT_TEAM = 6YQB49MLC8;
				ENABLE_PREVIEWS = YES;
				ENABLE_USER_SCRIPT_SANDBOXING = NO;
				GENERATE_INFOPLIST_FILE = YES;
				INFOPLIST_KEY_CFBundleDisplayName = "Shengci – Chinese HSK";
				INFOPLIST_KEY_UIApplicationSceneManifest_Generation = YES;
				INFOPLIST_KEY_UIApplicationSupportsIndirectInputEvents = YES;
				INFOPLIST_KEY_UILaunchScreen_Generation = YES;
				INFOPLIST_KEY_UISupportedInterfaceOrientations = UIInterfaceOrientationPortrait;
				INFOPLIST_KEY_UISupportedInterfaceOrientations_iPad = "UIInterfaceOrientationLandscapeLeft UIInterfaceOrientationLandscapeRight UIInterfaceOrientationPortrait UIInterfaceOrientationPortraitUpsideDown";
				IPHONEOS_DEPLOYMENT_TARGET = 17.6;
				LD_RUNPATH_SEARCH_PATHS = (
					"$(inherited)",
					"@executable_path/Frameworks",
				);
				MARKETING_VERSION = 1.0;
				PRODUCT_BUNDLE_IDENTIFIER = com.dwiki.shengci;
				PRODUCT_NAME = "$(TARGET_NAME)";
				STRING_CATALOG_GENERATE_SYMBOLS = YES;
				SWIFT_APPROACHABLE_CONCURRENCY = YES;
				SWIFT_DEFAULT_ACTOR_ISOLATION = MainActor;
				SWIFT_EMIT_LOC_STRINGS = YES;
				SWIFT_UPCOMING_FEATURE_MEMBER_IMPORT_VISIBILITY = YES;
				SWIFT_VERSION = 5.0;
				TARGETED_DEVICE_FAMILY = "1,2";
			};
			name = Release;
		};
		645904D4301794960042C61E /* Debug */ = {
			isa = XCBuildConfiguration;
			baseConfigurationReference = 28BD50D49BE56BF86E0E8A7F /* Pods-shengciTests.debug.xcconfig */;
			buildSettings = {
				BUNDLE_LOADER = "$(TEST_HOST)";
				CODE_SIGN_STYLE = Automatic;
				CURRENT_PROJECT_VERSION = 1;
				DEVELOPMENT_TEAM = 6YQB49MLC8;
				ENABLE_USER_SCRIPT_SANDBOXING = NO;
				GENERATE_INFOPLIST_FILE = YES;
				IPHONEOS_DEPLOYMENT_TARGET = 26.5;
				MARKETING_VERSION = 1.0;
				PRODUCT_BUNDLE_IDENTIFIER = com.dwiki.shengciTests;
				PRODUCT_NAME = "$(TARGET_NAME)";
				STRING_CATALOG_GENERATE_SYMBOLS = NO;
				SWIFT_APPROACHABLE_CONCURRENCY = YES;
				SWIFT_EMIT_LOC_STRINGS = NO;
				SWIFT_UPCOMING_FEATURE_MEMBER_IMPORT_VISIBILITY = YES;
				SWIFT_VERSION = 5.0;
				TARGETED_DEVICE_FAMILY = "1,2";
				TEST_HOST = "$(BUILT_PRODUCTS_DIR)/shengci.app/$(BUNDLE_EXECUTABLE_FOLDER_PATH)/shengci";
			};
			name = Debug;
		};
		645904D5301794960042C61E /* Release */ = {
			isa = XCBuildConfiguration;
			baseConfigurationReference = B5F61A1B6738E996E75A84C8 /* Pods-shengciTests.release.xcconfig */;
			buildSettings = {
				BUNDLE_LOADER = "$(TEST_HOST)";
				CODE_SIGN_STYLE = Automatic;
				CURRENT_PROJECT_VERSION = 1;
				DEVELOPMENT_TEAM = 6YQB49MLC8;
				ENABLE_USER_SCRIPT_SANDBOXING = NO;
				GENERATE_INFOPLIST_FILE = YES;
				IPHONEOS_DEPLOYMENT_TARGET = 26.5;
				MARKETING_VERSION = 1.0;
				PRODUCT_BUNDLE_IDENTIFIER = com.dwiki.shengciTests;
				PRODUCT_NAME = "$(TARGET_NAME)";
				STRING_CATALOG_GENERATE_SYMBOLS = NO;
				SWIFT_APPROACHABLE_CONCURRENCY = YES;
				SWIFT_EMIT_LOC_STRINGS = NO;
				SWIFT_UPCOMING_FEATURE_MEMBER_IMPORT_VISIBILITY = YES;
				SWIFT_VERSION = 5.0;
				TARGETED_DEVICE_FAMILY = "1,2";
				TEST_HOST = "$(BUILT_PRODUCTS_DIR)/shengci.app/$(BUNDLE_EXECUTABLE_FOLDER_PATH)/shengci";
			};
			name = Release;
		};
		645904D7301794960042C61E /* Debug */ = {
			isa = XCBuildConfiguration;
			buildSettings = {
				CODE_SIGN_STYLE = Automatic;
				CURRENT_PROJECT_VERSION = 1;
				DEVELOPMENT_TEAM = 6YQB49MLC8;
				GENERATE_INFOPLIST_FILE = YES;
				MARKETING_VERSION = 1.0;
				PRODUCT_BUNDLE_IDENTIFIER = com.dwiki.shengciUITests;
				PRODUCT_NAME = "$(TARGET_NAME)";
				STRING_CATALOG_GENERATE_SYMBOLS = NO;
				SWIFT_APPROACHABLE_CONCURRENCY = YES;
				SWIFT_EMIT_LOC_STRINGS = NO;
				SWIFT_UPCOMING_FEATURE_MEMBER_IMPORT_VISIBILITY = YES;
				SWIFT_VERSION = 5.0;
				TARGETED_DEVICE_FAMILY = "1,2";
				TEST_TARGET_NAME = shengci;
			};
			name = Debug;
		};
		645904D8301794960042C61E /* Release */ = {
			isa = XCBuildConfiguration;
			buildSettings = {
				CODE_SIGN_STYLE = Automatic;
				CURRENT_PROJECT_VERSION = 1;
				DEVELOPMENT_TEAM = 6YQB49MLC8;
				GENERATE_INFOPLIST_FILE = YES;
				MARKETING_VERSION = 1.0;
				PRODUCT_BUNDLE_IDENTIFIER = com.dwiki.shengciUITests;
				PRODUCT_NAME = "$(TARGET_NAME)";
				STRING_CATALOG_GENERATE_SYMBOLS = NO;
				SWIFT_APPROACHABLE_CONCURRENCY = YES;
				SWIFT_EMIT_LOC_STRINGS = NO;
				SWIFT_UPCOMING_FEATURE_MEMBER_IMPORT_VISIBILITY = YES;
				SWIFT_VERSION = 5.0;
				TARGETED_DEVICE_FAMILY = "1,2";
				TEST_TARGET_NAME = shengci;
			};
			name = Release;
		};
		9320F5FB30187A6D006A6FE4 /* Debug */ = {
			isa = XCBuildConfiguration;
			buildSettings = {
				ASSETCATALOG_COMPILER_GLOBAL_ACCENT_COLOR_NAME = AccentColor;
				ASSETCATALOG_COMPILER_WIDGET_BACKGROUND_COLOR_NAME = WidgetBackground;
				CODE_SIGN_STYLE = Automatic;
				CURRENT_PROJECT_VERSION = 1;
				DEVELOPMENT_TEAM = 6YQB49MLC8;
				GENERATE_INFOPLIST_FILE = YES;
				INFOPLIST_FILE = shengciWidget/Info.plist;
				INFOPLIST_KEY_CFBundleDisplayName = shengciWidget;
				INFOPLIST_KEY_NSHumanReadableCopyright = "";
				LD_RUNPATH_SEARCH_PATHS = (
					"$(inherited)",
					"@executable_path/Frameworks",
					"@executable_path/../../Frameworks",
				);
				MARKETING_VERSION = 1.0;
				PRODUCT_BUNDLE_IDENTIFIER = com.dwiki.shengci.shengciWidget;
				PRODUCT_NAME = "$(TARGET_NAME)";
				SKIP_INSTALL = YES;
				STRING_CATALOG_GENERATE_SYMBOLS = YES;
				SWIFT_APPROACHABLE_CONCURRENCY = YES;
				SWIFT_EMIT_LOC_STRINGS = YES;
				SWIFT_UPCOMING_FEATURE_MEMBER_IMPORT_VISIBILITY = YES;
				SWIFT_VERSION = 5.0;
				TARGETED_DEVICE_FAMILY = "1,2";
			};
			name = Debug;
		};
		9320F5FC30187A6D006A6FE4 /* Release */ = {
			isa = XCBuildConfiguration;
			buildSettings = {
				ASSETCATALOG_COMPILER_GLOBAL_ACCENT_COLOR_NAME = AccentColor;
				ASSETCATALOG_COMPILER_WIDGET_BACKGROUND_COLOR_NAME = WidgetBackground;
				CODE_SIGN_STYLE = Automatic;
				CURRENT_PROJECT_VERSION = 1;
				DEVELOPMENT_TEAM = 6YQB49MLC8;
				GENERATE_INFOPLIST_FILE = YES;
				INFOPLIST_FILE = shengciWidget/Info.plist;
				INFOPLIST_KEY_CFBundleDisplayName = shengciWidget;
				INFOPLIST_KEY_NSHumanReadableCopyright = "";
				LD_RUNPATH_SEARCH_PATHS = (
					"$(inherited)",
					"@executable_path/Frameworks",
					"@executable_path/../../Frameworks",
				);
				MARKETING_VERSION = 1.0;
				PRODUCT_BUNDLE_IDENTIFIER = com.dwiki.shengci.shengciWidget;
				PRODUCT_NAME = "$(TARGET_NAME)";
				SKIP_INSTALL = YES;
				STRING_CATALOG_GENERATE_SYMBOLS = YES;
				SWIFT_APPROACHABLE_CONCURRENCY = YES;
				SWIFT_EMIT_LOC_STRINGS = YES;
				SWIFT_UPCOMING_FEATURE_MEMBER_IMPORT_VISIBILITY = YES;
				SWIFT_VERSION = 5.0;
				TARGETED_DEVICE_FAMILY = "1,2";
			};
			name = Release;
		};
/* End XCBuildConfiguration section */

/* Begin XCConfigurationList section */
		645904A8301794950042C61E /* Build configuration list for PBXProject "shengci" */ = {
			isa = XCConfigurationList;
			buildConfigurations = (
				645904CE301794960042C61E /* Debug */,
				645904CF301794960042C61E /* Release */,
			);
			defaultConfigurationIsVisible = 0;
			defaultConfigurationName = Release;
		};
		645904D0301794960042C61E /* Build configuration list for PBXNativeTarget "shengci" */ = {
			isa = XCConfigurationList;
			buildConfigurations = (
				645904D1301794960042C61E /* Debug */,
				645904D2301794960042C61E /* Release */,
			);
			defaultConfigurationIsVisible = 0;
			defaultConfigurationName = Release;
		};
		645904D3301794960042C61E /* Build configuration list for PBXNativeTarget "shengciTests" */ = {
			isa = XCConfigurationList;
			buildConfigurations = (
				645904D4301794960042C61E /* Debug */,
				645904D5301794960042C61E /* Release */,
			);
			defaultConfigurationIsVisible = 0;
			defaultConfigurationName = Release;
		};
		645904D6301794960042C61E /* Build configuration list for PBXNativeTarget "shengciUITests" */ = {
			isa = XCConfigurationList;
			buildConfigurations = (
				645904D7301794960042C61E /* Debug */,
				645904D8301794960042C61E /* Release */,
			);
			defaultConfigurationIsVisible = 0;
			defaultConfigurationName = Release;
		};
		9320F5FA30187A6D006A6FE4 /* Build configuration list for PBXNativeTarget "shengciWidgetExtension" */ = {
			isa = XCConfigurationList;
			buildConfigurations = (
				9320F5FB30187A6D006A6FE4 /* Debug */,
				9320F5FC30187A6D006A6FE4 /* Release */,
			);
			defaultConfigurationIsVisible = 0;
			defaultConfigurationName = Release;
		};
/* End XCConfigurationList section */
	};
	rootObject = 645904A5301794950042C61E /* Project object */;
}
